// !$*UTF8*$!
{
	archiveVersion = 1;
	classes = {
	};
	objectVersion = 46;
	objects = {

/* Begin PBXBuildFile section */
		4642B9DB1CF7563F00A8070D /* AppDelegate.swift in Sources */ = {isa = PBXBuildFile; fileRef = 4642B9DA1CF7563F00A8070D /* AppDelegate.swift */; };
		4642B9DD1CF7563F00A8070D /* ViewController.swift in Sources */ = {isa = PBXBuildFile; fileRef = 4642B9DC1CF7563F00A8070D /* ViewController.swift */; };
		4642B9E01CF7563F00A8070D /* Main.storyboard in Resources */ = {isa = PBXBuildFile; fileRef = 4642B9DE1CF7563F00A8070D /* Main.storyboard */; };
		4642B9E21CF7563F00A8070D /* Assets.xcassets in Resources */ = {isa = PBXBuildFile; fileRef = 4642B9E11CF7563F00A8070D /* Assets.xcassets */; };
		4642B9E51CF7563F00A8070D /* LaunchScreen.storyboard in Resources */ = {isa = PBXBuildFile; fileRef = 4642B9E31CF7563F00A8070D /* LaunchScreen.storyboard */; };
/* End PBXBuildFile section */

/* Begin PBXFileReference section */
		4642B9D71CF7563F00A8070D /* Ex01.app */ = {isa = PBXFileReference; explicitFileType = wrapper.application; includeInIndex = 0; path = Ex01.app; sourceTree = BUILT_PRODUCTS_DIR; };
		4642B9DA1CF7563F00A8070D /* AppDelegate.swift */ = {isa = PBXFileReference; lastKnownFileType = sourcecode.swift; path = AppDelegate.swift; sourceTree = "<group>"; };
		4642B9DC1CF7563F00A8070D /* ViewController.swift */ = {isa = PBXFileReference; lastKnownFileType = sourcecode.swift; path = ViewController.swift; sourceTree = "<group>"; };
		4642B9DF1CF7563F00A8070D /* Base */ = {isa = PBXFileReference; lastKnownFileType = file.storyboard; name = Base; path = Base.lproj/Main.storyboard; sourceTree = "<group>"; };
		4642B9E11CF7563F00A8070D /* Assets.xcassets */ = {isa = PBXFileReference; lastKnownFileType = folder.assetcatalog; path = Assets.xcassets; sourceTree = "<group>"; };
		4642B9E41CF7563F00A8070D /* Base */ = {isa = PBXFileReference; lastKnownFileType = file.storyboard; name = Base; path = Base.lproj/LaunchScreen.storyboard; sourceTree = "<group>"; };
		4642B9E61CF7563F00A8070D /* Info.plist */ = {isa = PBXFileReference; lastKnownFileType = text.plist.xml; path = Info.plist; sourceTree = "<group>"; };
/* End PBXFileReference section */

/* Begin PBXFrameworksBuildPhase section */
		4642B9D41CF7563F00A8070D /* Frameworks */ = {
			isa = PBXFrameworksBuildPhase;
			buildActionMask = 2147483647;
			files = (
			);
			runOnlyForDeploymentPostprocessing = 0;
		};
/* End PBXFrameworksBuildPhase section */

/* Begin PBXGroup section */
		4642B9CE1CF7563F00A8070D = {
			isa = PBXGroup;
			children = (
				4642B9D91CF7563F00A8070D /* Ex01 */,
				4642B9D81CF7563F00A8070D /* Products */,
			);
			sourceTree = "<group>";
		};
		4642B9D81CF7563F00A8070D /* Products */ = {
			isa = PBXGroup;
			children = (
				4642B9D71CF7563F00A8070D /* Ex01.app */,
			);
			name = Products;
			sourceTree = "<group>";
		};
		4642B9D91CF7563F00A8070D /* Ex01 */ = {
			isa = PBXGroup;
			children = (
				4642B9DA1CF7563F00A8070D /* AppDelegate.swift */,
				4642B9DC1CF7563F00A8070D /* ViewController.swift */,
				4642B9DE1CF7563F00A8070D /* Main.storyboard */,
				4642B9E11CF7563F00A8070D /* Assets.xcassets */,
				4642B9E31CF7563F00A8070D /* LaunchScreen.storyboard */,
				4642B9E61CF7563F00A8070D /* Info.plist */,
			);
			path = Ex01;
			sourceTree = "<group>";
		};
/* End PBXGroup section */

/* Begin PBXNativeTarget section */
		4642B9D61CF7563F00A8070D /* Ex01 */ = {
			isa = PBXNativeTarget;
			buildConfigurationList = 4642B9E91CF7563F00A8070D /* Build configuration list for PBXNativeTarget "Ex01" */;
			buildPhases = (
				4642B9D31CF7563F00A8070D /* Sources */,
				4642B9D41CF7563F00A8070D /* Frameworks */,
				4642B9D51CF7563F00A8070D /* Resources */,
			);
			buildRules = (
			);
			dependencies = (
			);
			name = Ex01;
			productName = Ex01;
			productReference = 4642B9D71CF7563F00A8070D /* Ex01.app */;
			productType = "com.apple.product-type.application";
		};
/* End PBXNativeTarget section */

/* Begin PBXProject section */
		4642B9CF1CF7563F00A8070D /* Project object */ = {
			isa = PBXProject;
			attributes = {
				LastSwiftUpdateCheck = 0730;
				LastUpgradeCheck = 0730;
				ORGANIZATIONNAME = Argentinx;
				TargetAttributes = {
					4642B9D61CF7563F00A8070D = {
						CreatedOnToolsVersion = 7.3.1;
					};
				};
			};
			buildConfigurationList = 4642B9D21CF7563F00A8070D /* Build configuration list for PBXProject "Ex01" */;
			compatibilityVersion = "Xcode 3.2";
			developmentRegion = English;
			hasScannedForEncodings = 0;
			knownRegions = (
				en,
				Base,
			);
			mainGroup = 4642B9CE1CF7563F00A8070D;
			productRefGroup = 4642B9D81CF7563F00A8070D /* Products */;
			projectDirPath = "";
			projectRoot = "";
			targets = (
				4642B9D61CF7563F00A8070D /* Ex01 */,
			);
		};
/* End PBXProject section */

/* Begin PBXResourcesBuildPhase section */
		4642B9D51CF7563F00A8070D /* Resources */ = {
			isa = PBXResourcesBuildPhase;
			buildActionMask = 2147483647;
			files = (
				4642B9E51CF7563F00A8070D /* LaunchScreen.storyboard in Resources */,
				4642B9E21CF7563F00A8070D /* Assets.xcassets in Resources */,
				4642B9E01CF7563F00A8070D /* Main.storyboard in Resources */,
			);
			runOnlyForDeploymentPostprocessing = 0;
		};
/* End PBXResourcesBuildPhase section */

/* Begin PBXSourcesBuildPhase section */
		4642B9D31CF7563F00A8070D /* Sources */ = {
			isa = PBXSourcesBuildPhase;
			buildActionMask = 2147483647;
			files = (
				4642B9DD1CF7563F00A8070D /* ViewController.swift in Sources */,
				4642B9DB1CF7563F00A8070D /* AppDelegate.swift in Sources */,
			);
			runOnlyForDeploymentPostprocessing = 0;
		};
/* End PBXSourcesBuildPhase section */

/* Begin PBXVariantGroup section */
		4642B9DE1CF7563F00A8070D /* Main.storyboard */ = {
			isa = PBXVariantGroup;
			children = (
				4642B9DF1CF7563F00A8070D /* Base */,
			);
			name = Main.storyboard;
			sourceTree = "<group>";
		};
		4642B9E31CF7563F00A8070D /* LaunchScreen.storyboard */ = {
			isa = PBXVariantGroup;
			children = (
				4642B9E41CF7563F00A8070D /* Base */,
			);
			name = LaunchScreen.storyboard;
			sourceTree = "<group>";
		};
/* End PBXVariantGroup section */

/* Begin XCBuildConfiguration section */
		4642B9E71CF7563F00A8070D /* Debug */ = {
			isa = XCBuildConfiguration;
			buildSettings = {
				ALWAYS_SEARCH_USER_PATHS = NO;
				CLANG_ANALYZER_NONNULL = YES;
				CLANG_CXX_LANGUAGE_STANDARD = "gnu++0x";
				CLANG_CXX_LIBRARY = "libc++";
				CLANG_ENABLE_MODULES = YES;
				CLANG_ENABLE_OBJC_ARC = YES;
				CLANG_WARN_BOOL_CONVERSION = YES;
				CLANG_WARN_CONSTANT_CONVERSION = YES;
				CLANG_WARN_DIRECT_OBJC_ISA_USAGE = YES_ERROR;
				CLANG_WARN_EMPTY_BODY = YES;
				CLANG_WARN_ENUM_CONVERSION = YES;
				CLANG_WARN_INT_CONVERSION = YES;
				CLANG_WARN_OBJC_ROOT_CLASS = YES_ERROR;
				CLANG_WARN_UNREACHABLE_CODE = YES;
				CLANG_WARN__DUPLICATE_METHOD_MATCH = YES;
				"CODE_SIGN_IDENTITY[sdk=iphoneos*]" = "iPhone Developer";
				COPY_PHASE_STRIP = NO;
				DEBUG_INFORMATION_FORMAT = dwarf;
				ENABLE_STRICT_OBJC_MSGSEND = YES;
				ENABLE_TESTABILITY = YES;
				GCC_C_LANGUAGE_STANDARD = gnu99;
				GCC_DYNAMIC_NO_PIC = NO;
				GCC_NO_COMMON_BLOCKS = YES;
				GCC_OPTIMIZATION_LEVEL = 0;
				GCC_PREPROCESSOR_DEFINITIONS = (
					"DEBUG=1",
					"$(inherited)",
				);
				GCC_WARN_64_TO_32_BIT_CONVERSION = YES;
				GCC_WARN_ABOUT_RETURN_TYPE = YES_ERROR;
				GCC_WARN_UNDECLARED_SELECTOR = YES;
				GCC_WARN_UNINITIALIZED_AUTOS = YES_AGGRESSIVE;
				GCC_WARN_UNUSED_FUNCTION = YES;
				GCC_WARN_UNUSED_VARIABLE = YES;
				IPHONEOS_DEPLOYMENT_TARGET = 9.3;
				MTL_ENABLE_DEBUG_INFO = YES;
				ONLY_ACTIVE_ARCH = YES;
				SDKROOT = iphoneos;
				SWIFT_OPTIMIZATION_LEVEL = "-Onone";
			};
			name = Debug;
		};
		4642B9E81CF7563F00A8070D /* Release */ = {
			isa = XCBuildConfiguration;
			buildSettings = {
				ALWAYS_SEARCH_USER_PATHS = NO;
				CLANG_ANALYZER_NONNULL = YES;
				CLANG_CXX_LANGUAGE_STANDARD = "gnu++0x";
				CLANG_CXX_LIBRARY = "libc++";
				CLANG_ENABLE_MODULES = YES;
				CLANG_ENABLE_OBJC_ARC = YES;
				CLANG_WARN_BOOL_CONVERSION = YES;
				CLANG_WARN_CONSTANT_CONVERSION = YES;
				CLANG_WARN_DIRECT_OBJC_ISA_USAGE = YES_ERROR;
				CLANG_WARN_EMPTY_BODY = YES;
				CLANG_WARN_ENUM_CONVERSION = YES;
				CLANG_WARN_INT_CONVERSION = YES;
				CLANG_WARN_OBJC_ROOT_CLASS = YES_ERROR;
				CLANG_WARN_UNREACHABLE_CODE = YES;
				CLANG_WARN__DUPLICATE_METHOD_MATCH = YES;
				"CODE_SIGN_IDENTITY[sdk=iphoneos*]" = "iPhone Developer";
				COPY_PHASE_STRIP = NO;
				DEBUG_INFORMATION_FORMAT = "dwarf-with-dsym";
				ENABLE_NS_ASSERTIONS = NO;
				ENABLE_STRICT_OBJC_MSGSEND = YES;
				GCC_C_LANGUAGE_STANDARD = gnu99;
				GCC_NO_COMMON_BLOCKS = YES;
				GCC_WARN_64_TO_32_BIT_CONVERSION = YES;
				GCC_WARN_ABOUT_RETURN_TYPE = YES_ERROR;
				GCC_WARN_UNDECLARED_SELECTOR = YES;
				GCC_WARN_UNINITIALIZED_AUTOS = YES_AGGRESSIVE;
				GCC_WARN_UNUSED_FUNCTION = YES;
				GCC_WARN_UNUSED_VARIABLE = YES;
				IPHONEOS_DEPLOYMENT_TARGET = 9.3;
				MTL_ENABLE_DEBUG_INFO = NO;
				SDKROOT = iphoneos;
				VALIDATE_PRODUCT = YES;
			};
			name = Release;
		};
		4642B9EA1CF7563F00A8070D /* Debug */ = {
			isa = XCBuildConfiguration;
			buildSettings = {
				ASSETCATALOG_COMPILER_APPICON_NAME = AppIcon;
				INFOPLIST_FILE = Ex01/Info.plist;
				LD_RUNPATH_SEARCH_PATHS = "$(inherited) @executable_path/Frameworks";
				PRODUCT_BUNDLE_IDENTIFIER = com.argentinx.Ex01;
				PRODUCT_NAME = "$(TARGET_NAME)";
				TARGETED_DEVICE_FAMILY = 1;
			};
			name = Debug;
		};
		4642B9EB1CF7563F00A8070D /* Release */ = {
			isa = XCBuildConfiguration;
			buildSettings = {
				ASSETCATALOG_COMPILER_APPICON_NAME = AppIcon;
				INFOPLIST_FILE = Ex01/Info.plist;
				LD_RUNPATH_SEARCH_PATHS = "$(inherited) @executable_path/Frameworks";
				PRODUCT_BUNDLE_IDENTIFIER = com.argentinx.Ex01;
				PRODUCT_NAME = "$(TARGET_NAME)";
				TARGETED_DEVICE_FAMILY = 1;
			};
			name = Release;
		};
/* End XCBuildConfiguration section */

/* Begin XCConfigurationList section */
		4642B9D21CF7563F00A8070D /* Build configuration list for PBXProject "Ex01" */ = {
			isa = XCConfigurationList;
			buildConfigurations = (
				4642B9E71CF7563F00A8070D /* Debug */,
				4642B9E81CF7563F00A8070D /* Release */,
			);
			defaultConfigurationIsVisible = 0;
			defaultConfigurationName = Release;
		};
		4642B9E91CF7563F00A8070D /* Build configuration list for PBXNativeTarget "Ex01" */ = {
			isa = XCConfigurationList;
			buildConfigurations = (
				4642B9EA1CF7563F00A8070D /* Debug */,
				4642B9EB1CF7563F00A8070D /* Release */,
			);
			defaultConfigurationIsVisible = 0;
		};
/* End XCConfigurationList section */
	};
	rootObject = 4642B9CF1CF7563F00A8070D /* Project object */;
}
